// !$*UTF8*$!
{
	archiveVersion = 1;
	classes = {
	};
	objectVersion = 50;
	objects = {

/* Begin PBXBuildFile section */
		047FB8EF23CBCC3B00CF5098 /* AppDelegate.swift in Sources */ = {isa = PBXBuildFile; fileRef = 047FB8EE23CBCC3B00CF5098 /* AppDelegate.swift */; };
		047FB8F123CBCC3B00CF5098 /* SceneDelegate.swift in Sources */ = {isa = PBXBuildFile; fileRef = 047FB8F023CBCC3B00CF5098 /* SceneDelegate.swift */; };
		047FB8F323CBCC3B00CF5098 /* SelectionViewController.swift in Sources */ = {isa = PBXBuildFile; fileRef = 047FB8F223CBCC3B00CF5098 /* SelectionViewController.swift */; };
		047FB8F623CBCC3B00CF5098 /* Main.storyboard in Resources */ = {isa = PBXBuildFile; fileRef = 047FB8F423CBCC3B00CF5098 /* Main.storyboard */; };
		047FB8F823CBCC4300CF5098 /* Assets.xcassets in Resources */ = {isa = PBXBuildFile; fileRef = 047FB8F723CBCC4300CF5098 /* Assets.xcassets */; };
		047FB8FB23CBCC4300CF5098 /* LaunchScreen.storyboard in Resources */ = {isa = PBXBuildFile; fileRef = 047FB8F923CBCC4300CF5098 /* LaunchScreen.storyboard */; };
		047FB90623CBCC4300CF5098 /* RoshandoTests.swift in Sources */ = {isa = PBXBuildFile; fileRef = 047FB90523CBCC4300CF5098 /* RoshandoTests.swift */; };
		047FB91123CBCC4400CF5098 /* RoshandoUITests.swift in Sources */ = {isa = PBXBuildFile; fileRef = 047FB91023CBCC4400CF5098 /* RoshandoUITests.swift */; };
		04D5AFBD23CC9EBF005EC375 /* ResultViewController.swift in Sources */ = {isa = PBXBuildFile; fileRef = 04D5AFBB23CC9EBF005EC375 /* ResultViewController.swift */; };
/* End PBXBuildFile section */

/* Begin PBXContainerItemProxy section */
		047FB90223CBCC4300CF5098 /* PBXContainerItemProxy */ = {
			isa = PBXContainerItemProxy;
			containerPortal = 047FB8E323CBCC3B00CF5098 /* Project object */;
			proxyType = 1;
			remoteGlobalIDString = 047FB8EA23CBCC3B00CF5098;
			remoteInfo = Roshando;
		};
		047FB90D23CBCC4400CF5098 /* PBXContainerItemProxy */ = {
			isa = PBXContainerItemProxy;
			containerPortal = 047FB8E323CBCC3B00CF5098 /* Project object */;
			proxyType = 1;
			remoteGlobalIDString = 047FB8EA23CBCC3B00CF5098;
			remoteInfo = Roshando;
		};
/* End PBXContainerItemProxy section */

/* Begin PBXFileReference section */
		047FB8EB23CBCC3B00CF5098 /* Roshando.app */ = {isa = PBXFileReference; explicitFileType = wrapper.application; includeInIndex = 0; path = Roshando.app; sourceTree = BUILT_PRODUCTS_DIR; };
		047FB8EE23CBCC3B00CF5098 /* AppDelegate.swift */ = {isa = PBXFileReference; lastKnownFileType = sourcecode.swift; path = AppDelegate.swift; sourceTree = "<group>"; };
		047FB8F023CBCC3B00CF5098 /* SceneDelegate.swift */ = {isa = PBXFileReference; lastKnownFileType = sourcecode.swift; path = SceneDelegate.swift; sourceTree = "<group>"; };
		047FB8F223CBCC3B00CF5098 /* SelectionViewController.swift */ = {isa = PBXFileReference; lastKnownFileType = sourcecode.swift; path = SelectionViewController.swift; sourceTree = "<group>"; };
		047FB8F523CBCC3B00CF5098 /* Base */ = {isa = PBXFileReference; lastKnownFileType = file.storyboard; name = Base; path = Base.lproj/Main.storyboard; sourceTree = "<group>"; };
		047FB8F723CBCC4300CF5098 /* Assets.xcassets */ = {isa = PBXFileReference; lastKnownFileType = folder.assetcatalog; path = Assets.xcassets; sourceTree = "<group>"; };
		047FB8FA23CBCC4300CF5098 /* Base */ = {isa = PBXFileReference; lastKnownFileType = file.storyboard; name = Base; path = Base.lproj/LaunchScreen.storyboard; sourceTree = "<group>"; };
		047FB8FC23CBCC4300CF5098 /* Info.plist */ = {isa = PBXFileReference; lastKnownFileType = text.plist.xml; path = Info.plist; sourceTree = "<group>"; };
		047FB90123CBCC4300CF5098 /* RoshandoTests.xctest */ = {isa = PBXFileReference; explicitFileType = wrapper.cfbundle; includeInIndex = 0; path = RoshandoTests.xctest; sourceTree = BUILT_PRODUCTS_DIR; };
		047FB90523CBCC4300CF5098 /* RoshandoTests.swift */ = {isa = PBXFileReference; lastKnownFileType = sourcecode.swift; path = RoshandoTests.swift; sourceTree = "<group>"; };
		047FB90723CBCC4300CF5098 /* Info.plist */ = {isa = PBXFileReference; lastKnownFileType = text.plist.xml; path = Info.plist; sourceTree = "<group>"; };
		047FB90C23CBCC4400CF5098 /* RoshandoUITests.xctest */ = {isa = PBXFileReference; explicitFileType = wrapper.cfbundle; includeInIndex = 0; path = RoshandoUITests.xctest; sourceTree = BUILT_PRODUCTS_DIR; };
		047FB91023CBCC4400CF5098 /* RoshandoUITests.swift */ = {isa = PBXFileReference; lastKnownFileType = sourcecode.swift; path = RoshandoUITests.swift; sourceTree = "<group>"; };
		047FB91223CBCC4400CF5098 /* Info.plist */ = {isa = PBXFileReference; lastKnownFileType = text.plist.xml; path = Info.plist; sourceTree = "<group>"; };
		04D5AFBB23CC9EBF005EC375 /* ResultViewController.swift */ = {isa = PBXFileReference; lastKnownFileType = sourcecode.swift; path = ResultViewController.swift; sourceTree = "<group>"; };
/* End PBXFileReference section */

/* Begin PBXFrameworksBuildPhase section */
		047FB8E823CBCC3B00CF5098 /* Frameworks */ = {
			isa = PBXFrameworksBuildPhase;
			buildActionMask = 2147483647;
			files = (
			);
			runOnlyForDeploymentPostprocessing = 0;
		};
		047FB8FE23CBCC4300CF5098 /* Frameworks */ = {
			isa = PBXFrameworksBuildPhase;
			buildActionMask = 2147483647;
			files = (
			);
			runOnlyForDeploymentPostprocessing = 0;
		};
		047FB90923CBCC4400CF5098 /* Frameworks */ = {
			isa = PBXFrameworksBuildPhase;
			buildActionMask = 2147483647;
			files = (
			);
			runOnlyForDeploymentPostprocessing = 0;
		};
/* End PBXFrameworksBuildPhase section */

/* Begin PBXGroup section */
		047FB8E223CBCC3B00CF5098 = {
			isa = PBXGroup;
			children = (
				047FB8ED23CBCC3B00CF5098 /* Roshando */,
				047FB90423CBCC4300CF5098 /* RoshandoTests */,
				047FB90F23CBCC4400CF5098 /* RoshandoUITests */,
				047FB8EC23CBCC3B00CF5098 /* Products */,
			);
			sourceTree = "<group>";
		};
		047FB8EC23CBCC3B00CF5098 /* Products */ = {
			isa = PBXGroup;
			children = (
				047FB8EB23CBCC3B00CF5098 /* Roshando.app */,
				047FB90123CBCC4300CF5098 /* RoshandoTests.xctest */,
				047FB90C23CBCC4400CF5098 /* RoshandoUITests.xctest */,
			);
			name = Products;
			sourceTree = "<group>";
		};
		047FB8ED23CBCC3B00CF5098 /* Roshando */ = {
			isa = PBXGroup;
			children = (
				047FB8EE23CBCC3B00CF5098 /* AppDelegate.swift */,
				047FB8F023CBCC3B00CF5098 /* SceneDelegate.swift */,
				047FB8F223CBCC3B00CF5098 /* SelectionViewController.swift */,
				047FB8F423CBCC3B00CF5098 /* Main.storyboard */,
				047FB8F723CBCC4300CF5098 /* Assets.xcassets */,
				047FB8F923CBCC4300CF5098 /* LaunchScreen.storyboard */,
				047FB8FC23CBCC4300CF5098 /* Info.plist */,
				04D5AFBB23CC9EBF005EC375 /* ResultViewController.swift */,
			);
			path = Roshando;
			sourceTree = "<group>";
		};
		047FB90423CBCC4300CF5098 /* RoshandoTests */ = {
			isa = PBXGroup;
			children = (
				047FB90523CBCC4300CF5098 /* RoshandoTests.swift */,
				047FB90723CBCC4300CF5098 /* Info.plist */,
			);
			path = RoshandoTests;
			sourceTree = "<group>";
		};
		047FB90F23CBCC4400CF5098 /* RoshandoUITests */ = {
			isa = PBXGroup;
			children = (
				047FB91023CBCC4400CF5098 /* RoshandoUITests.swift */,
				047FB91223CBCC4400CF5098 /* Info.plist */,
			);
			path = RoshandoUITests;
			sourceTree = "<group>";
		};
/* End PBXGroup section */

/* Begin PBXNativeTarget section */
		047FB8EA23CBCC3B00CF5098 /* Roshando */ = {
			isa = PBXNativeTarget;
			buildConfigurationList = 047FB91523CBCC4400CF5098 /* Build configuration list for PBXNativeTarget "Roshando" */;
			buildPhases = (
				047FB8E723CBCC3B00CF5098 /* Sources */,
				047FB8E823CBCC3B00CF5098 /* Frameworks */,
				047FB8E923CBCC3B00CF5098 /* Resources */,
			);
			buildRules = (
			);
			dependencies = (
			);
			name = Roshando;
			productName = Roshando;
			productReference = 047FB8EB23CBCC3B00CF5098 /* Roshando.app */;
			productType = "com.apple.product-type.application";
		};
		047FB90023CBCC4300CF5098 /* RoshandoTests */ = {
			isa = PBXNativeTarget;
			buildConfigurationList = 047FB91823CBCC4400CF5098 /* Build configuration list for PBXNativeTarget "RoshandoTests" */;
			buildPhases = (
				047FB8FD23CBCC4300CF5098 /* Sources */,
				047FB8FE23CBCC4300CF5098 /* Frameworks */,
				047FB8FF23CBCC4300CF5098 /* Resources */,
			);
			buildRules = (
			);
			dependencies = (
				047FB90323CBCC4300CF5098 /* PBXTargetDependency */,
			);
			name = RoshandoTests;
			productName = RoshandoTests;
			productReference = 047FB90123CBCC4300CF5098 /* RoshandoTests.xctest */;
			productType = "com.apple.product-type.bundle.unit-test";
		};
		047FB90B23CBCC4400CF5098 /* RoshandoUITests */ = {
			isa = PBXNativeTarget;
			buildConfigurationList = 047FB91B23CBCC4400CF5098 /* Build configuration list for PBXNativeTarget "RoshandoUITests" */;
			buildPhases = (
				047FB90823CBCC4400CF5098 /* Sources */,
				047FB90923CBCC4400CF5098 /* Frameworks */,
				047FB90A23CBCC4400CF5098 /* Resources */,
			);
			buildRules = (
			);
			dependencies = (
				047FB90E23CBCC4400CF5098 /* PBXTargetDependency */,
			);
			name = RoshandoUITests;
			productName = RoshandoUITests;
			productReference = 047FB90C23CBCC4400CF5098 /* RoshandoUITests.xctest */;
			productType = "com.apple.product-type.bundle.ui-testing";
		};
/* End PBXNativeTarget section */

/* Begin PBXProject section */
		047FB8E323CBCC3B00CF5098 /* Project object */ = {
			isa = PBXProject;
			attributes = {
				LastSwiftUpdateCheck = 1130;
				LastUpgradeCheck = 1130;
				ORGANIZATIONNAME = Udacity;
				TargetAttributes = {
					047FB8EA23CBCC3B00CF5098 = {
						CreatedOnToolsVersion = 11.3;
					};
					047FB90023CBCC4300CF5098 = {
						CreatedOnToolsVersion = 11.3;
						TestTargetID = 047FB8EA23CBCC3B00CF5098;
					};
					047FB90B23CBCC4400CF5098 = {
						CreatedOnToolsVersion = 11.3;
						TestTargetID = 047FB8EA23CBCC3B00CF5098;
					};
				};
			};
			buildConfigurationList = 047FB8E623CBCC3B00CF5098 /* Build configuration list for PBXProject "Roshando" */;
			compatibilityVersion = "Xcode 9.3";
			developmentRegion = en;
			hasScannedForEncodings = 0;
			knownRegions = (
				en,
				Base,
			);
			mainGroup = 047FB8E223CBCC3B00CF5098;
			productRefGroup = 047FB8EC23CBCC3B00CF5098 /* Products */;
			projectDirPath = "";
			projectRoot = "";
			targets = (
				047FB8EA23CBCC3B00CF5098 /* Roshando */,
				047FB90023CBCC4300CF5098 /* RoshandoTests */,
				047FB90B23CBCC4400CF5098 /* RoshandoUITests */,
			);
		};
/* End PBXProject section */

/* Begin PBXResourcesBuildPhase section */
		047FB8E923CBCC3B00CF5098 /* Resources */ = {
			isa = PBXResourcesBuildPhase;
			buildActionMask = 2147483647;
			files = (
				047FB8FB23CBCC4300CF5098 /* LaunchScreen.storyboard in Resources */,
				047FB8F823CBCC4300CF5098 /* Assets.xcassets in Resources */,
				047FB8F623CBCC3B00CF5098 /* Main.storyboard in Resources */,
			);
			runOnlyForDeploymentPostprocessing = 0;
		};
		047FB8FF23CBCC4300CF5098 /* Resources */ = {
			isa = PBXResourcesBuildPhase;
			buildActionMask = 2147483647;
			files = (
			);
			runOnlyForDeploymentPostprocessing = 0;
		};
		047FB90A23CBCC4400CF5098 /* Resources */ = {
			isa = PBXResourcesBuildPhase;
			buildActionMask = 2147483647;
			files = (
			);
			runOnlyForDeploymentPostprocessing = 0;
		};
/* End PBXResourcesBuildPhase section */

/* Begin PBXSourcesBuildPhase section */
		047FB8E723CBCC3B00CF5098 /* Sources */ = {
			isa = PBXSourcesBuildPhase;
			buildActionMask = 2147483647;
			files = (
				047FB8F323CBCC3B00CF5098 /* SelectionViewController.swift in Sources */,
				047FB8EF23CBCC3B00CF5098 /* AppDelegate.swift in Sources */,
				047FB8F123CBCC3B00CF5098 /* SceneDelegate.swift in Sources */,
				04D5AFBD23CC9EBF005EC375 /* ResultViewController.swift in Sources */,
			);
			runOnlyForDeploymentPostprocessing = 0;
		};
		047FB8FD23CBCC4300CF5098 /* Sources */ = {
			isa = PBXSourcesBuildPhase;
			buildActionMask = 2147483647;
			files = (
				047FB90623CBCC4300CF5098 /* RoshandoTests.swift in Sources */,
			);
			runOnlyForDeploymentPostprocessing = 0;
		};
		047FB90823CBCC4400CF5098 /* Sources */ = {
			isa = PBXSourcesBuildPhase;
			buildActionMask = 2147483647;
			files = (
				047FB91123CBCC4400CF5098 /* RoshandoUITests.swift in Sources */,
			);
			runOnlyForDeploymentPostprocessing = 0;
		};
/* End PBXSourcesBuildPhase section */

/* Begin PBXTargetDependency section */
		047FB90323CBCC4300CF5098 /* PBXTargetDependency */ = {
			isa = PBXTargetDependency;
			target = 047FB8EA23CBCC3B00CF5098 /* Roshando */;
			targetProxy = 047FB90223CBCC4300CF5098 /* PBXContainerItemProxy */;
		};
		047FB90E23CBCC4400CF5098 /* PBXTargetDependency */ = {
			isa = PBXTargetDependency;
			target = 047FB8EA23CBCC3B00CF5098 /* Roshando */;
			targetProxy = 047FB90D23CBCC4400CF5098 /* PBXContainerItemProxy */;
		};
/* End PBXTargetDependency section */

/* Begin PBXVariantGroup section */
		047FB8F423CBCC3B00CF5098 /* Main.storyboard */ = {
			isa = PBXVariantGroup;
			children = (
				047FB8F523CBCC3B00CF5098 /* Base */,
			);
			name = Main.storyboard;
			sourceTree = "<group>";
		};
		047FB8F923CBCC4300CF5098 /* LaunchScreen.storyboard */ = {
			isa = PBXVariantGroup;
			children = (
				047FB8FA23CBCC4300CF5098 /* Base */,
			);
			name = LaunchScreen.storyboard;
			sourceTree = "<group>";
		};
/* End PBXVariantGroup section */

/* Begin XCBuildConfiguration section */
		047FB91323CBCC4400CF5098 /* Debug */ = {
			isa = XCBuildConfiguration;
			buildSettings = {
				ALWAYS_SEARCH_USER_PATHS = NO;
				CLANG_ANALYZER_NONNULL = YES;
				CLANG_ANALYZER_NUMBER_OBJECT_CONVERSION = YES_AGGRESSIVE;
				CLANG_CXX_LANGUAGE_STANDARD = "gnu++14";
				CLANG_CXX_LIBRARY = "libc++";
				CLANG_ENABLE_MODULES = YES;
				CLANG_ENABLE_OBJC_ARC = YES;
				CLANG_ENABLE_OBJC_WEAK = YES;
				CLANG_WARN_BLOCK_CAPTURE_AUTORELEASING = YES;
				CLANG_WARN_BOOL_CONVERSION = YES;
				CLANG_WARN_COMMA = YES;
				CLANG_WARN_CONSTANT_CONVERSION = YES;
				CLANG_WARN_DEPRECATED_OBJC_IMPLEMENTATIONS = YES;
				CLANG_WARN_DIRECT_OBJC_ISA_USAGE = YES_ERROR;
				CLANG_WARN_DOCUMENTATION_COMMENTS = YES;
				CLANG_WARN_EMPTY_BODY = YES;
				CLANG_WARN_ENUM_CONVERSION = YES;
				CLANG_WARN_INFINITE_RECURSION = YES;
				CLANG_WARN_INT_CONVERSION = YES;
				CLANG_WARN_NON_LITERAL_NULL_CONVERSION = YES;
				CLANG_WARN_OBJC_IMPLICIT_RETAIN_SELF = YES;
				CLANG_WARN_OBJC_LITERAL_CONVERSION = YES;
				CLANG_WARN_OBJC_ROOT_CLASS = YES_ERROR;
				CLANG_WARN_RANGE_LOOP_ANALYSIS = YES;
				CLANG_WARN_STRICT_PROTOTYPES = YES;
				CLANG_WARN_SUSPICIOUS_MOVE = YES;
				CLANG_WARN_UNGUARDED_AVAILABILITY = YES_AGGRESSIVE;
				CLANG_WARN_UNREACHABLE_CODE = YES;
				CLANG_WARN__DUPLICATE_METHOD_MATCH = YES;
				COPY_PHASE_STRIP = NO;
				DEBUG_INFORMATION_FORMAT = dwarf;
				ENABLE_STRICT_OBJC_MSGSEND = YES;
				ENABLE_TESTABILITY = YES;
				GCC_C_LANGUAGE_STANDARD = gnu11;
				GCC_DYNAMIC_NO_PIC = NO;
				GCC_NO_COMMON_BLOCKS = YES;
				GCC_OPTIMIZATION_LEVEL = 0;
				GCC_PREPROCESSOR_DEFINITIONS = (
					"DEBUG=1",
					"$(inherited)",
				);
				GCC_WARN_64_TO_32_BIT_CONVERSION = YES;
				GCC_WARN_ABOUT_RETURN_TYPE = YES_ERROR;
				GCC_WARN_UNDECLARED_SELECTOR = YES;
				GCC_WARN_UNINITIALIZED_AUTOS = YES_AGGRESSIVE;
				GCC_WARN_UNUSED_FUNCTION = YES;
				GCC_WARN_UNUSED_VARIABLE = YES;
				IPHONEOS_DEPLOYMENT_TARGET = 13.2;
				MTL_ENABLE_DEBUG_INFO = INCLUDE_SOURCE;
				MTL_FAST_MATH = YES;
				ONLY_ACTIVE_ARCH = YES;
				SDKROOT = iphoneos;
				SWIFT_ACTIVE_COMPILATION_CONDITIONS = DEBUG;
				SWIFT_OPTIMIZATION_LEVEL = "-Onone";
			};
			name = Debug;
		};
		047FB91423CBCC4400CF5098 /* Release */ = {
			isa = XCBuildConfiguration;
			buildSettings = {
				ALWAYS_SEARCH_USER_PATHS = NO;
				CLANG_ANALYZER_NONNULL = YES;
				CLANG_ANALYZER_NUMBER_OBJECT_CONVERSION = YES_AGGRESSIVE;
				CLANG_CXX_LANGUAGE_STANDARD = "gnu++14";
				CLANG_CXX_LIBRARY = "libc++";
				CLANG_ENABLE_MODULES = YES;
				CLANG_ENABLE_OBJC_ARC = YES;
				CLANG_ENABLE_OBJC_WEAK = YES;
				CLANG_WARN_BLOCK_CAPTURE_AUTORELEASING = YES;
				CLANG_WARN_BOOL_CONVERSION = YES;
				CLANG_WARN_COMMA = YES;
				CLANG_WARN_CONSTANT_CONVERSION = YES;
				CLANG_WARN_DEPRECATED_OBJC_IMPLEMENTATIONS = YES;
				CLANG_WARN_DIRECT_OBJC_ISA_USAGE = YES_ERROR;
				CLANG_WARN_DOCUMENTATION_COMMENTS = YES;
				CLANG_WARN_EMPTY_BODY = YES;
				CLANG_WARN_ENUM_CONVERSION = YES;
				CLANG_WARN_INFINITE_RECURSION = YES;
				CLANG_WARN_INT_CONVERSION = YES;
				CLANG_WARN_NON_LITERAL_NULL_CONVERSION = YES;
				CLANG_WARN_OBJC_IMPLICIT_RETAIN_SELF = YES;
				CLANG_WARN_OBJC_LITERAL_CONVERSION = YES;
				CLANG_WARN_OBJC_ROOT_CLASS = YES_ERROR;
				CLANG_WARN_RANGE_LOOP_ANALYSIS = YES;
				CLANG_WARN_STRICT_PROTOTYPES = YES;
				CLANG_WARN_SUSPICIOUS_MOVE = YES;
				CLANG_WARN_UNGUARDED_AVAILABILITY = YES_AGGRESSIVE;
				CLANG_WARN_UNREACHABLE_CODE = YES;
				CLANG_WARN__DUPLICATE_METHOD_MATCH = YES;
				COPY_PHASE_STRIP = NO;
				DEBUG_INFORMATION_FORMAT = "dwarf-with-dsym";
				ENABLE_NS_ASSERTIONS = NO;
				ENABLE_STRICT_OBJC_MSGSEND = YES;
				GCC_C_LANGUAGE_STANDARD = gnu11;
				GCC_NO_COMMON_BLOCKS = YES;
				GCC_WARN_64_TO_32_BIT_CONVERSION = YES;
				GCC_WARN_ABOUT_RETURN_TYPE = YES_ERROR;
				GCC_WARN_UNDECLARED_SELECTOR = YES;
				GCC_WARN_UNINITIALIZED_AUTOS = YES_AGGRESSIVE;
				GCC_WARN_UNUSED_FUNCTION = YES;
				GCC_WARN_UNUSED_VARIABLE = YES;
				IPHONEOS_DEPLOYMENT_TARGET = 13.2;
				MTL_ENABLE_DEBUG_INFO = NO;
				MTL_FAST_MATH = YES;
				SDKROOT = iphoneos;
				SWIFT_COMPILATION_MODE = wholemodule;
				SWIFT_OPTIMIZATION_LEVEL = "-O";
				VALIDATE_PRODUCT = YES;
			};
			name = Release;
		};
		047FB91623CBCC4400CF5098 /* Debug */ = {
			isa = XCBuildConfiguration;
			buildSettings = {
				ASSETCATALOG_COMPILER_APPICON_NAME = AppIcon;
				CODE_SIGN_STYLE = Automatic;
				INFOPLIST_FILE = Roshando/Info.plist;
				LD_RUNPATH_SEARCH_PATHS = (
					"$(inherited)",
					"@executable_path/Frameworks",
				);
				PRODUCT_BUNDLE_IDENTIFIER = com.udacity.Roshando;
				PRODUCT_NAME = "$(TARGET_NAME)";
				SWIFT_VERSION = 5.0;
				TARGETED_DEVICE_FAMILY = "1,2";
			};
			name = Debug;
		};
		047FB91723CBCC4400CF5098 /* Release */ = {
			isa = XCBuildConfiguration;
			buildSettings = {
				ASSETCATALOG_COMPILER_APPICON_NAME = AppIcon;
				CODE_SIGN_STYLE = Automatic;
				INFOPLIST_FILE = Roshando/Info.plist;
				LD_RUNPATH_SEARCH_PATHS = (
					"$(inherited)",
					"@executable_path/Frameworks",
				);
				PRODUCT_BUNDLE_IDENTIFIER = com.udacity.Roshando;
				PRODUCT_NAME = "$(TARGET_NAME)";
				SWIFT_VERSION = 5.0;
				TARGETED_DEVICE_FAMILY = "1,2";
			};
			name = Release;
		};
		047FB91923CBCC4400CF5098 /* Debug */ = {
			isa = XCBuildConfiguration;
			buildSettings = {
				ALWAYS_EMBED_SWIFT_STANDARD_LIBRARIES = YES;
				BUNDLE_LOADER = "$(TEST_HOST)";
				CODE_SIGN_STYLE = Automatic;
				INFOPLIST_FILE = RoshandoTests/Info.plist;
				IPHONEOS_DEPLOYMENT_TARGET = 13.2;
				LD_RUNPATH_SEARCH_PATHS = (
					"$(inherited)",
					"@executable_path/Frameworks",
					"@loader_path/Frameworks",
				);
				PRODUCT_BUNDLE_IDENTIFIER = com.udacity.RoshandoTests;
				PRODUCT_NAME = "$(TARGET_NAME)";
				SWIFT_VERSION = 5.0;
				TARGETED_DEVICE_FAMILY = "1,2";
				TEST_HOST = "$(BUILT_PRODUCTS_DIR)/Roshando.app/Roshando";
			};
			name = Debug;
		};
		047FB91A23CBCC4400CF5098 /* Release */ = {
			isa = XCBuildConfiguration;
			buildSettings = {
				ALWAYS_EMBED_SWIFT_STANDARD_LIBRARIES = YES;
				BUNDLE_LOADER = "$(TEST_HOST)";
				CODE_SIGN_STYLE = Automatic;
				INFOPLIST_FILE = RoshandoTests/Info.plist;
				IPHONEOS_DEPLOYMENT_TARGET = 13.2;
				LD_RUNPATH_SEARCH_PATHS = (
					"$(inherited)",
					"@executable_path/Frameworks",
					"@loader_path/Frameworks",
				);
				PRODUCT_BUNDLE_IDENTIFIER = com.udacity.RoshandoTests;
				PRODUCT_NAME = "$(TARGET_NAME)";
				SWIFT_VERSION = 5.0;
				TARGETED_DEVICE_FAMILY = "1,2";
				TEST_HOST = "$(BUILT_PRODUCTS_DIR)/Roshando.app/Roshando";
			};
			name = Release;
		};
		047FB91C23CBCC4400CF5098 /* Debug */ = {
			isa = XCBuildConfiguration;
			buildSettings = {
				ALWAYS_EMBED_SWIFT_STANDARD_LIBRARIES = YES;
				CODE_SIGN_STYLE = Automatic;
				INFOPLIST_FILE = RoshandoUITests/Info.plist;
				LD_RUNPATH_SEARCH_PATHS = (
					"$(inherited)",
					"@executable_path/Frameworks",
					"@loader_path/Frameworks",
				);
				PRODUCT_BUNDLE_IDENTIFIER = com.udacity.RoshandoUITests;
				PRODUCT_NAME = "$(TARGET_NAME)";
				SWIFT_VERSION = 5.0;
				TARGETED_DEVICE_FAMILY = "1,2";
				TEST_TARGET_NAME = Roshando;
			};
			name = Debug;
		};
		047FB91D23CBCC4400CF5098 /* Release */ = {
			isa = XCBuildConfiguration;
			buildSettings = {
				ALWAYS_EMBED_SWIFT_STANDARD_LIBRARIES = YES;
				CODE_SIGN_STYLE = Automatic;
				INFOPLIST_FILE = RoshandoUITests/Info.plist;
				LD_RUNPATH_SEARCH_PATHS = (
					"$(inherited)",
					"@executable_path/Frameworks",
					"@loader_path/Frameworks",
				);
				PRODUCT_BUNDLE_IDENTIFIER = com.udacity.RoshandoUITests;
				PRODUCT_NAME = "$(TARGET_NAME)";
				SWIFT_VERSION = 5.0;
				TARGETED_DEVICE_FAMILY = "1,2";
				TEST_TARGET_NAME = Roshando;
			};
			name = Release;
		};
/* End XCBuildConfiguration section */

/* Begin XCConfigurationList section */
		047FB8E623CBCC3B00CF5098 /* Build configuration list for PBXProject "Roshando" */ = {
			isa = XCConfigurationList;
			buildConfigurations = (
				047FB91323CBCC4400CF5098 /* Debug */,
				047FB91423CBCC4400CF5098 /* Release */,
			);
			defaultConfigurationIsVisible = 0;
			defaultConfigurationName = Release;
		};
		047FB91523CBCC4400CF5098 /* Build configuration list for PBXNativeTarget "Roshando" */ = {
			isa = XCConfigurationList;
			buildConfigurations = (
				047FB91623CBCC4400CF5098 /* Debug */,
				047FB91723CBCC4400CF5098 /* Release */,
			);
			defaultConfigurationIsVisible = 0;
			defaultConfigurationName = Release;
		};
		047FB91823CBCC4400CF5098 /* Build configuration list for PBXNativeTarget "RoshandoTests" */ = {
			isa = XCConfigurationList;
			buildConfigurations = (
				047FB91923CBCC4400CF5098 /* Debug */,
				047FB91A23CBCC4400CF5098 /* Release */,
			);
			defaultConfigurationIsVisible = 0;
			defaultConfigurationName = Release;
		};
		047FB91B23CBCC4400CF5098 /* Build configuration list for PBXNativeTarget "RoshandoUITests" */ = {
			isa = XCConfigurationList;
			buildConfigurations = (
				047FB91C23CBCC4400CF5098 /* Debug */,
				047FB91D23CBCC4400CF5098 /* Release */,
			);
			defaultConfigurationIsVisible = 0;
			defaultConfigurationName = Release;
		};
/* End XCConfigurationList section */
	};
	rootObject = 047FB8E323CBCC3B00CF5098 /* Project object */;
}
